{
    "_readme": [
        "This file locks the dependencies of your project to a known state",
        "Read more about it at https://getcomposer.org/doc/01-basic-usage.md#installing-dependencies",
        "This file is @generated automatically"
    ],
    "content-hash": "695e491c9de3a39bf692878f48454c06",
    "packages": [
        {
            "name": "ojisatriani/attendance",
            "version": "dev-main",
            "source": {
                "type": "git",
                "url": "https://github.com/ojisatriani/attendance.git",
                "reference": "ced0b40626d31f538635a7ec293f5f063eb4f9d4"
            },
            "dist": {
                "type": "zip",
                "url": "https://api.github.com/repos/ojisatriani/attendance/zipball/ced0b40626d31f538635a7ec293f5f063eb4f9d4",
                "reference": "ced0b40626d31f538635a7ec293f5f063eb4f9d4",
                "shasum": ""
            },
            "require": {
                "php": ">=7.2.0"
            },
            "default-branch": true,
            "type": "library",
            "autoload": {
                "psr-4": {
                    "OjiSatriani\\Attendance\\": "src"
                }
            },
            "notification-url": "https://packagist.org/downloads/",
            "license": [
                "MIT"
            ],
            "authors": [
                {
                    "name": "Oji Satriani",
                    "email": "oji.satriani@gmail.com"
                }
            ],
            "description": "Attendance Manajemen",
            "support": {
                "issues": "https://github.com/ojisatriani/attendance/issues",
                "source": "https://github.com/ojisatriani/attendance/tree/main"
            },
            "time": "2022-09-14T03:31:38+00:00"
        }
    ],
    "packages-dev": [],
    "aliases": [],
    "minimum-stability": "dev",
    "stability-flags": {
        "ojisatriani/attendance": 20
    },
    "prefer-stable": true,
    "prefer-lowest": false,
    "platform": {},
    "platform-dev": {},
    "plugin-api-version": "2.6.0"
}
